
Microsoft Visual Studio Solution File, Format Version 12.00
# Visual Studio Version 17
VisualStudioVersion = 17.0.31903.59
MinimumVisualStudioVersion = 10.0.40219.1
Project("{FAE04EC0-301F-11D3-BF4B-00C04F79EFBC}") = "ContainerWiithMostWater", "ContainerWiithMostWater\ContainerWiithMostWater.csproj", "{C03F35D1-847F-446E-A6E1-A2D4831BF38E}"
EndProject
Project("{FAE04EC0-301F-11D3-BF4B-00C04F79EFBC}") = "ValidMountainArray", "ValidMountainArray\ValidMountainArray.csproj", "{C9100886-CF56-4D08-A544-10EF087CB4D9}"
EndProject
Project("{FAE04EC0-301F-11D3-BF4B-00C04F79EFBC}") = "BoatToSavePeople", "BoatToSavePeople\BoatToSavePeople.csproj", "{552BDD03-981E-4843-B9A3-AADC93106759}"
EndProject
Project("{FAE04EC0-301F-11D3-BF4B-00C04F79EFBC}") = "MoveZeros", "MoveZeros\MoveZeros.csproj", "{47021C86-6860-467F-A43E-248404D4E4DA}"
EndProject
Project("{FAE04EC0-301F-11D3-BF4B-00C04F79EFBC}") = "LongestSubstring", "LongestSubstring\LongestSubstring.csproj", "{D2EFA643-1C8A-4FD9-BA0A-EC11ED5A43DD}"
EndProject
Project("{FAE04EC0-301F-11D3-BF4B-00C04F79EFBC}") = "FirstBadVersion", "FirstBadVersion\FirstBadVersion.csproj", "{432600C5-C6DD-49D4-BEC6-CA23211F809F}"
EndProject
Project("{FAE04EC0-301F-11D3-BF4B-00C04F79EFBC}") = "MissingNumber", "MissingNumber\MissingNumber.csproj", "{E8B2B949-EE6B-4FE7-A221-4D9A02B85F08}"
EndProject
Project("{FAE04EC0-301F-11D3-BF4B-00C04F79EFBC}") = "CountPrimes", "CountPrimes\CountPrimes.csproj", "{EB30F37B-E085-42E8-A07A-FA8114C46D4D}"
EndProject
Project("{FAE04EC0-301F-11D3-BF4B-00C04F79EFBC}") = "FirstAndLastElement", "FirstAndLastElement\FirstAndLastElement.csproj", "{9785F846-751F-4E78-9A2F-36C8ABCA9834}"
EndProject
Project("{FAE04EC0-301F-11D3-BF4B-00C04F79EFBC}") = "SingleNumber", "SingleNumber\SingleNumber.csproj", "{D3B3131C-9596-420A-85F8-19F82835E03E}"
EndProject
Project("{FAE04EC0-301F-11D3-BF4B-00C04F79EFBC}") = "RobotReturntoOrigin", "RobotReturntoOrigin\RobotReturntoOrigin.csproj", "{70C43731-4B9D-4873-ADDC-9DD0AD99C63A}"
EndProject
Project("{FAE04EC0-301F-11D3-BF4B-00C04F79EFBC}") = "AddBinary", "AddBinary\AddBinary.csproj", "{3088F6F4-6E3B-4371-B7EB-EED4E8C47190}"
EndProject
Global
	GlobalSection(SolutionConfigurationPlatforms) = preSolution
		Debug|Any CPU = Debug|Any CPU
		Release|Any CPU = Release|Any CPU
	EndGlobalSection
	GlobalSection(ProjectConfigurationPlatforms) = postSolution
		{C03F35D1-847F-446E-A6E1-A2D4831BF38E}.Debug|Any CPU.ActiveCfg = Debug|Any CPU
		{C03F35D1-847F-446E-A6E1-A2D4831BF38E}.Debug|Any CPU.Build.0 = Debug|Any CPU
		{C03F35D1-847F-446E-A6E1-A2D4831BF38E}.Release|Any CPU.ActiveCfg = Release|Any CPU
		{C03F35D1-847F-446E-A6E1-A2D4831BF38E}.Release|Any CPU.Build.0 = Release|Any CPU
		{C9100886-CF56-4D08-A544-10EF087CB4D9}.Debug|Any CPU.ActiveCfg = Debug|Any CPU
		{C9100886-CF56-4D08-A544-10EF087CB4D9}.Debug|Any CPU.Build.0 = Debug|Any CPU
		{C9100886-CF56-4D08-A544-10EF087CB4D9}.Release|Any CPU.ActiveCfg = Release|Any CPU
		{C9100886-CF56-4D08-A544-10EF087CB4D9}.Release|Any CPU.Build.0 = Release|Any CPU
		{552BDD03-981E-4843-B9A3-AADC93106759}.Debug|Any CPU.ActiveCfg = Debug|Any CPU
		{552BDD03-981E-4843-B9A3-AADC93106759}.Debug|Any CPU.Build.0 = Debug|Any CPU
		{552BDD03-981E-4843-B9A3-AADC93106759}.Release|Any CPU.ActiveCfg = Release|Any CPU
		{552BDD03-981E-4843-B9A3-AADC93106759}.Release|Any CPU.Build.0 = Release|Any CPU
		{47021C86-6860-467F-A43E-248404D4E4DA}.Debug|Any CPU.ActiveCfg = Debug|Any CPU
		{47021C86-6860-467F-A43E-248404D4E4DA}.Debug|Any CPU.Build.0 = Debug|Any CPU
		{47021C86-6860-467F-A43E-248404D4E4DA}.Release|Any CPU.ActiveCfg = Release|Any CPU
		{47021C86-6860-467F-A43E-248404D4E4DA}.Release|Any CPU.Build.0 = Release|Any CPU
		{D2EFA643-1C8A-4FD9-BA0A-EC11ED5A43DD}.Debug|Any CPU.ActiveCfg = Debug|Any CPU
		{D2EFA643-1C8A-4FD9-BA0A-EC11ED5A43DD}.Debug|Any CPU.Build.0 = Debug|Any CPU
		{D2EFA643-1C8A-4FD9-BA0A-EC11ED5A43DD}.Release|Any CPU.ActiveCfg = Release|Any CPU
		{D2EFA643-1C8A-4FD9-BA0A-EC11ED5A43DD}.Release|Any CPU.Build.0 = Release|Any CPU
		{432600C5-C6DD-49D4-BEC6-CA23211F809F}.Debug|Any CPU.ActiveCfg = Debug|Any CPU
		{432600C5-C6DD-49D4-BEC6-CA23211F809F}.Debug|Any CPU.Build.0 = Debug|Any CPU
		{432600C5-C6DD-49D4-BEC6-CA23211F809F}.Release|Any CPU.ActiveCfg = Release|Any CPU
		{432600C5-C6DD-49D4-BEC6-CA23211F809F}.Release|Any CPU.Build.0 = Release|Any CPU
		{E8B2B949-EE6B-4FE7-A221-4D9A02B85F08}.Debug|Any CPU.ActiveCfg = Debug|Any CPU
		{E8B2B949-EE6B-4FE7-A221-4D9A02B85F08}.Debug|Any CPU.Build.0 = Debug|Any CPU
		{E8B2B949-EE6B-4FE7-A221-4D9A02B85F08}.Release|Any CPU.ActiveCfg = Release|Any CPU
		{E8B2B949-EE6B-4FE7-A221-4D9A02B85F08}.Release|Any CPU.Build.0 = Release|Any CPU
		{EB30F37B-E085-42E8-A07A-FA8114C46D4D}.Debug|Any CPU.ActiveCfg = Debug|Any CPU
		{EB30F37B-E085-42E8-A07A-FA8114C46D4D}.Debug|Any CPU.Build.0 = Debug|Any CPU
		{EB30F37B-E085-42E8-A07A-FA8114C46D4D}.Release|Any CPU.ActiveCfg = Release|Any CPU
		{EB30F37B-E085-42E8-A07A-FA8114C46D4D}.Release|Any CPU.Build.0 = Release|Any CPU
		{9785F846-751F-4E78-9A2F-36C8ABCA9834}.Debug|Any CPU.ActiveCfg = Debug|Any CPU
		{9785F846-751F-4E78-9A2F-36C8ABCA9834}.Debug|Any CPU.Build.0 = Debug|Any CPU
		{9785F846-751F-4E78-9A2F-36C8ABCA9834}.Release|Any CPU.ActiveCfg = Release|Any CPU
		{9785F846-751F-4E78-9A2F-36C8ABCA9834}.Release|Any CPU.Build.0 = Release|Any CPU
		{D3B3131C-9596-420A-85F8-19F82835E03E}.Debug|Any CPU.ActiveCfg = Debug|Any CPU
		{D3B3131C-9596-420A-85F8-19F82835E03E}.Debug|Any CPU.Build.0 = Debug|Any CPU
		{D3B3131C-9596-420A-85F8-19F82835E03E}.Release|Any CPU.ActiveCfg = Release|Any CPU
		{D3B3131C-9596-420A-85F8-19F82835E03E}.Release|Any CPU.Build.0 = Release|Any CPU
		{70C43731-4B9D-4873-ADDC-9DD0AD99C63A}.Debug|Any CPU.ActiveCfg = Debug|Any CPU
		{70C43731-4B9D-4873-ADDC-9DD0AD99C63A}.Debug|Any CPU.Build.0 = Debug|Any CPU
		{70C43731-4B9D-4873-ADDC-9DD0AD99C63A}.Release|Any CPU.ActiveCfg = Release|Any CPU
		{70C43731-4B9D-4873-ADDC-9DD0AD99C63A}.Release|Any CPU.Build.0 = Release|Any CPU
		{3088F6F4-6E3B-4371-B7EB-EED4E8C47190}.Debug|Any CPU.ActiveCfg = Debug|Any CPU
		{3088F6F4-6E3B-4371-B7EB-EED4E8C47190}.Debug|Any CPU.Build.0 = Debug|Any CPU
		{3088F6F4-6E3B-4371-B7EB-EED4E8C47190}.Release|Any CPU.ActiveCfg = Release|Any CPU
		{3088F6F4-6E3B-4371-B7EB-EED4E8C47190}.Release|Any CPU.Build.0 = Release|Any CPU
	EndGlobalSection
	GlobalSection(SolutionProperties) = preSolution
		HideSolutionNode = FALSE
	EndGlobalSection
EndGlobal
